// !$*UTF8*$!
{
	archiveVersion = 1;
	classes = {
	};
	objectVersion = 46;
	objects = {

/* Begin PBXBuildFile section */
		61A98AC21BC566FA00A49409 /* AppDelegate.swift in Sources */ = {isa = PBXBuildFile; fileRef = 61A98AC11BC566FA00A49409 /* AppDelegate.swift */; };
		61A98AC41BC566FA00A49409 /* ViewController.swift in Sources */ = {isa = PBXBuildFile; fileRef = 61A98AC31BC566FA00A49409 /* ViewController.swift */; };
		61A98AC71BC566FA00A49409 /* Main.storyboard in Resources */ = {isa = PBXBuildFile; fileRef = 61A98AC51BC566FA00A49409 /* Main.storyboard */; };
		61A98AC91BC566FA00A49409 /* Assets.xcassets in Resources */ = {isa = PBXBuildFile; fileRef = 61A98AC81BC566FA00A49409 /* Assets.xcassets */; };
		61A98ACC1BC566FA00A49409 /* LaunchScreen.storyboard in Resources */ = {isa = PBXBuildFile; fileRef = 61A98ACA1BC566FA00A49409 /* LaunchScreen.storyboard */; };
/* End PBXBuildFile section */

/* Begin PBXFileReference section */
		61A98ABE1BC566FA00A49409 /* TestLockSpeeds.app */ = {isa = PBXFileReference; explicitFileType = wrapper.application; includeInIndex = 0; path = TestLockSpeeds.app; sourceTree = BUILT_PRODUCTS_DIR; };
		61A98AC11BC566FA00A49409 /* AppDelegate.swift */ = {isa = PBXFileReference; lastKnownFileType = sourcecode.swift; path = AppDelegate.swift; sourceTree = "<group>"; };
		61A98AC31BC566FA00A49409 /* ViewController.swift */ = {isa = PBXFileReference; lastKnownFileType = sourcecode.swift; path = ViewController.swift; sourceTree = "<group>"; };
		61A98AC61BC566FA00A49409 /* Base */ = {isa = PBXFileReference; lastKnownFileType = file.storyboard; name = Base; path = Base.lproj/Main.storyboard; sourceTree = "<group>"; };
		61A98AC81BC566FA00A49409 /* Assets.xcassets */ = {isa = PBXFileReference; lastKnownFileType = folder.assetcatalog; path = Assets.xcassets; sourceTree = "<group>"; };
		61A98ACB1BC566FA00A49409 /* Base */ = {isa = PBXFileReference; lastKnownFileType = file.storyboard; name = Base; path = Base.lproj/LaunchScreen.storyboard; sourceTree = "<group>"; };
		61A98ACD1BC566FA00A49409 /* Info.plist */ = {isa = PBXFileReference; lastKnownFileType = text.plist.xml; path = Info.plist; sourceTree = "<group>"; };
/* End PBXFileReference section */

/* Begin PBXFrameworksBuildPhase section */
		61A98ABB1BC566FA00A49409 /* Frameworks */ = {
			isa = PBXFrameworksBuildPhase;
			buildActionMask = 2147483647;
			files = (
			);
			runOnlyForDeploymentPostprocessing = 0;
		};
/* End PBXFrameworksBuildPhase section */

/* Begin PBXGroup section */
		61A98AB51BC566FA00A49409 = {
			isa = PBXGroup;
			children = (
				61A98AC01BC566FA00A49409 /* TestLockSpeeds */,
				61A98ABF1BC566FA00A49409 /* Products */,
			);
			sourceTree = "<group>";
		};
		61A98ABF1BC566FA00A49409 /* Products */ = {
			isa = PBXGroup;
			children = (
				61A98ABE1BC566FA00A49409 /* TestLockSpeeds.app */,
			);
			name = Products;
			sourceTree = "<group>";
		};
		61A98AC01BC566FA00A49409 /* TestLockSpeeds */ = {
			isa = PBXGroup;
			children = (
				61A98AC11BC566FA00A49409 /* AppDelegate.swift */,
				61A98AC31BC566FA00A49409 /* ViewController.swift */,
				61A98AC51BC566FA00A49409 /* Main.storyboard */,
				61A98AC81BC566FA00A49409 /* Assets.xcassets */,
				61A98ACA1BC566FA00A49409 /* LaunchScreen.storyboard */,
				61A98ACD1BC566FA00A49409 /* Info.plist */,
			);
			path = TestLockSpeeds;
			sourceTree = "<group>";
		};
/* End PBXGroup section */

/* Begin PBXNativeTarget section */
		61A98ABD1BC566FA00A49409 /* TestLockSpeeds */ = {
			isa = PBXNativeTarget;
			buildConfigurationList = 61A98AD01BC566FA00A49409 /* Build configuration list for PBXNativeTarget "TestLockSpeeds" */;
			buildPhases = (
				61A98ABA1BC566FA00A49409 /* Sources */,
				61A98ABB1BC566FA00A49409 /* Frameworks */,
				61A98ABC1BC566FA00A49409 /* Resources */,
			);
			buildRules = (
			);
			dependencies = (
			);
			name = TestLockSpeeds;
			productName = TestLockSpeeds;
			productReference = 61A98ABE1BC566FA00A49409 /* TestLockSpeeds.app */;
			productType = "com.apple.product-type.application";
		};
/* End PBXNativeTarget section */

/* Begin PBXProject section */
		61A98AB61BC566FA00A49409 /* Project object */ = {
			isa = PBXProject;
			attributes = {
				LastUpgradeCheck = 0700;
				ORGANIZATIONNAME = LinkedIn;
				TargetAttributes = {
					61A98ABD1BC566FA00A49409 = {
						CreatedOnToolsVersion = 7.0.1;
					};
				};
			};
			buildConfigurationList = 61A98AB91BC566FA00A49409 /* Build configuration list for PBXProject "TestLockSpeeds" */;
			compatibilityVersion = "Xcode 3.2";
			developmentRegion = English;
			hasScannedForEncodings = 0;
			knownRegions = (
				en,
				Base,
			);
			mainGroup = 61A98AB51BC566FA00A49409;
			productRefGroup = 61A98ABF1BC566FA00A49409 /* Products */;
			projectDirPath = "";
			projectRoot = "";
			targets = (
				61A98ABD1BC566FA00A49409 /* TestLockSpeeds */,
			);
		};
/* End PBXProject section */

/* Begin PBXResourcesBuildPhase section */
		61A98ABC1BC566FA00A49409 /* Resources */ = {
			isa = PBXResourcesBuildPhase;
			buildActionMask = 2147483647;
			files = (
				61A98ACC1BC566FA00A49409 /* LaunchScreen.storyboard in Resources */,
				61A98AC91BC566FA00A49409 /* Assets.xcassets in Resources */,
				61A98AC71BC566FA00A49409 /* Main.storyboard in Resources */,
			);
			runOnlyForDeploymentPostprocessing = 0;
		};
/* End PBXResourcesBuildPhase section */

/* Begin PBXSourcesBuildPhase section */
		61A98ABA1BC566FA00A49409 /* Sources */ = {
			isa = PBXSourcesBuildPhase;
			buildActionMask = 2147483647;
			files = (
				61A98AC41BC566FA00A49409 /* ViewController.swift in Sources */,
				61A98AC21BC566FA00A49409 /* AppDelegate.swift in Sources */,
			);
			runOnlyForDeploymentPostprocessing = 0;
		};
/* End PBXSourcesBuildPhase section */

/* Begin PBXVariantGroup section */
		61A98AC51BC566FA00A49409 /* Main.storyboard */ = {
			isa = PBXVariantGroup;
			children = (
				61A98AC61BC566FA00A49409 /* Base */,
			);
			name = Main.storyboard;
			sourceTree = "<group>";
		};
		61A98ACA1BC566FA00A49409 /* LaunchScreen.storyboard */ = {
			isa = PBXVariantGroup;
			children = (
				61A98ACB1BC566FA00A49409 /* Base */,
			);
			name = LaunchScreen.storyboard;
			sourceTree = "<group>";
		};
/* End PBXVariantGroup section */

/* Begin XCBuildConfiguration section */
		61A98ACE1BC566FA00A49409 /* Debug */ = {
			isa = XCBuildConfiguration;
			buildSettings = {
				ALWAYS_SEARCH_USER_PATHS = NO;
				CLANG_CXX_LANGUAGE_STANDARD = "gnu++0x";
				CLANG_CXX_LIBRARY = "libc++";
				CLANG_ENABLE_MODULES = YES;
				CLANG_ENABLE_OBJC_ARC = YES;
				CLANG_WARN_BOOL_CONVERSION = YES;
				CLANG_WARN_CONSTANT_CONVERSION = YES;
				CLANG_WARN_DIRECT_OBJC_ISA_USAGE = YES_ERROR;
				CLANG_WARN_EMPTY_BODY = YES;
				CLANG_WARN_ENUM_CONVERSION = YES;
				CLANG_WARN_INT_CONVERSION = YES;
				CLANG_WARN_OBJC_ROOT_CLASS = YES_ERROR;
				CLANG_WARN_UNREACHABLE_CODE = YES;
				CLANG_WARN__DUPLICATE_METHOD_MATCH = YES;
				"CODE_SIGN_IDENTITY[sdk=iphoneos*]" = "iPhone Developer";
				COPY_PHASE_STRIP = NO;
				DEBUG_INFORMATION_FORMAT = dwarf;
				ENABLE_STRICT_OBJC_MSGSEND = YES;
				ENABLE_TESTABILITY = YES;
				GCC_C_LANGUAGE_STANDARD = gnu99;
				GCC_DYNAMIC_NO_PIC = NO;
				GCC_NO_COMMON_BLOCKS = YES;
				GCC_OPTIMIZATION_LEVEL = 0;
				GCC_PREPROCESSOR_DEFINITIONS = (
					"DEBUG=1",
					"$(inherited)",
				);
				GCC_WARN_64_TO_32_BIT_CONVERSION = YES;
				GCC_WARN_ABOUT_RETURN_TYPE = YES_ERROR;
				GCC_WARN_UNDECLARED_SELECTOR = YES;
				GCC_WARN_UNINITIALIZED_AUTOS = YES_AGGRESSIVE;
				GCC_WARN_UNUSED_FUNCTION = YES;
				GCC_WARN_UNUSED_VARIABLE = YES;
				IPHONEOS_DEPLOYMENT_TARGET = 9.0;
				MTL_ENABLE_DEBUG_INFO = YES;
				ONLY_ACTIVE_ARCH = YES;
				SDKROOT = iphoneos;
				SWIFT_OPTIMIZATION_LEVEL = "-Onone";
			};
			name = Debug;
		};
		61A98ACF1BC566FA00A49409 /* Release */ = {
			isa = XCBuildConfiguration;
			buildSettings = {
				ALWAYS_SEARCH_USER_PATHS = NO;
				CLANG_CXX_LANGUAGE_STANDARD = "gnu++0x";
				CLANG_CXX_LIBRARY = "libc++";
				CLANG_ENABLE_MODULES = YES;
				CLANG_ENABLE_OBJC_ARC = YES;
				CLANG_WARN_BOOL_CONVERSION = YES;
				CLANG_WARN_CONSTANT_CONVERSION = YES;
				CLANG_WARN_DIRECT_OBJC_ISA_USAGE = YES_ERROR;
				CLANG_WARN_EMPTY_BODY = YES;
				CLANG_WARN_ENUM_CONVERSION = YES;
				CLANG_WARN_INT_CONVERSION = YES;
				CLANG_WARN_OBJC_ROOT_CLASS = YES_ERROR;
				CLANG_WARN_UNREACHABLE_CODE = YES;
				CLANG_WARN__DUPLICATE_METHOD_MATCH = YES;
				"CODE_SIGN_IDENTITY[sdk=iphoneos*]" = "iPhone Developer";
				COPY_PHASE_STRIP = NO;
				DEBUG_INFORMATION_FORMAT = "dwarf-with-dsym";
				ENABLE_NS_ASSERTIONS = NO;
				ENABLE_STRICT_OBJC_MSGSEND = YES;
				GCC_C_LANGUAGE_STANDARD = gnu99;
				GCC_NO_COMMON_BLOCKS = YES;
				GCC_WARN_64_TO_32_BIT_CONVERSION = YES;
				GCC_WARN_ABOUT_RETURN_TYPE = YES_ERROR;
				GCC_WARN_UNDECLARED_SELECTOR = YES;
				GCC_WARN_UNINITIALIZED_AUTOS = YES_AGGRESSIVE;
				GCC_WARN_UNUSED_FUNCTION = YES;
				GCC_WARN_UNUSED_VARIABLE = YES;
				IPHONEOS_DEPLOYMENT_TARGET = 9.0;
				MTL_ENABLE_DEBUG_INFO = NO;
				SDKROOT = iphoneos;
				VALIDATE_PRODUCT = YES;
			};
			name = Release;
		};
		61A98AD11BC566FA00A49409 /* Debug */ = {
			isa = XCBuildConfiguration;
			buildSettings = {
				ASSETCATALOG_COMPILER_APPICON_NAME = AppIcon;
				INFOPLIST_FILE = TestLockSpeeds/Info.plist;
				LD_RUNPATH_SEARCH_PATHS = "$(inherited) @executable_path/Frameworks";
				PRODUCT_BUNDLE_IDENTIFIER = LinkedIn.TestLockSpeeds;
				PRODUCT_NAME = "$(TARGET_NAME)";
			};
			name = Debug;
		};
		61A98AD21BC566FA00A49409 /* Release */ = {
			isa = XCBuildConfiguration;
			buildSettings = {
				ASSETCATALOG_COMPILER_APPICON_NAME = AppIcon;
				INFOPLIST_FILE = TestLockSpeeds/Info.plist;
				LD_RUNPATH_SEARCH_PATHS = "$(inherited) @executable_path/Frameworks";
				PRODUCT_BUNDLE_IDENTIFIER = LinkedIn.TestLockSpeeds;
				PRODUCT_NAME = "$(TARGET_NAME)";
			};
			name = Release;
		};
/* End XCBuildConfiguration section */

/* Begin XCConfigurationList section */
		61A98AB91BC566FA00A49409 /* Build configuration list for PBXProject "TestLockSpeeds" */ = {
			isa = XCConfigurationList;
			buildConfigurations = (
				61A98ACE1BC566FA00A49409 /* Debug */,
				61A98ACF1BC566FA00A49409 /* Release */,
			);
			defaultConfigurationIsVisible = 0;
			defaultConfigurationName = Release;
		};
		61A98AD01BC566FA00A49409 /* Build configuration list for PBXNativeTarget "TestLockSpeeds" */ = {
			isa = XCConfigurationList;
			buildConfigurations = (
				61A98AD11BC566FA00A49409 /* Debug */,
				61A98AD21BC566FA00A49409 /* Release */,
			);
			defaultConfigurationIsVisible = 0;
		};
/* End XCConfigurationList section */
	};
	rootObject = 61A98AB61BC566FA00A49409 /* Project object */;
}
